{
  "name": "@dotrino/roadmap",
  "version": "0.1.0",
  "lockfileVersion": 3,
  "requires": true,
  "packages": {
    "": {
      "name": "@dotrino/roadmap",
      "version": "0.1.0",
      "license": "MIT",
      "devDependencies": {
        "@dotrino/compat": "0.4.0"
      },
      "peerDependencies": {
        "@dotrino/compat": ">=0.4.0"
      }
    },
    "node_modules/@dotrino/compat": {
      "version": "0.4.0",
      "resolved": "https://registry.npmjs.org/@dotrino/compat/-/compat-0.4.0.tgz",
      "integrity": "sha512-uL9p9QEyDMq1JAMyWkrvZFcCTN7mOTS28sRnntlOXY2106qgMfdJEiQDks4Zq/zkRvKGqh3a8z7Fz3VD5glPEw==",
      "dev": true,
      "license": "MIT"
    }
  }
}
